
Microsoft Visual Studio Solution File, Format Version 12.00
# Visual Studio Version 17
VisualStudioVersion = 17.6.33829.357
MinimumVisualStudioVersion = 10.0.40219.1
Project("{FAE04EC0-301F-11D3-BF4B-00C04F79EFBC}") = "WindowsFormsAppLearn", "WindowsFormsAppLearn\WindowsFormsAppLearn.csproj", "{2516CE72-5D62-4E8F-B3DB-856E244DEA33}"
EndProject
Global
	GlobalSection(SolutionConfigurationPlatforms) = preSolution
		Debug|Any CPU = Debug|Any CPU
		Release|Any CPU = Release|Any CPU
	EndGlobalSection
	GlobalSection(ProjectConfigurationPlatforms) = postSolution
		{2516CE72-5D62-4E8F-B3DB-856E244DEA33}.Debug|Any CPU.ActiveCfg = Debug|Any CPU
		{2516CE72-5D62-4E8F-B3DB-856E244DEA33}.Debug|Any CPU.Build.0 = Debug|Any CPU
		{2516CE72-5D62-4E8F-B3DB-856E244DEA33}.Release|Any CPU.ActiveCfg = Release|Any CPU
		{2516CE72-5D62-4E8F-B3DB-856E244DEA33}.Release|Any CPU.Build.0 = Release|Any CPU
	EndGlobalSection
	GlobalSection(SolutionProperties) = preSolution
		HideSolutionNode = FALSE
	EndGlobalSection
	GlobalSection(ExtensibilityGlobals) = postSolution
		SolutionGuid = {5F208C4D-C965-4EEE-8BA1-2EB4CB75884E}
	EndGlobalSection
EndGlobal
